// !$*UTF8*$!
{
	archiveVersion = 1;
	classes = {
	};
	objectVersion = 51;
	objects = {

/* Begin PBXBuildFile section */
		C524C8F626126FA0008B2EE1 /* AppDelegate.swift in Sources */ = {isa = PBXBuildFile; fileRef = C524C8F526126FA0008B2EE1 /* AppDelegate.swift */; };
		C524C8F826126FA0008B2EE1 /* SceneDelegate.swift in Sources */ = {isa = PBXBuildFile; fileRef = C524C8F726126FA0008B2EE1 /* SceneDelegate.swift */; };
		C524C8FA26126FA0008B2EE1 /* ViewController.swift in Sources */ = {isa = PBXBuildFile; fileRef = C524C8F926126FA0008B2EE1 /* ViewController.swift */; };
		C524C8FD26126FA0008B2EE1 /* Main.storyboard in Resources */ = {isa = PBXBuildFile; fileRef = C524C8FB26126FA0008B2EE1 /* Main.storyboard */; };
		C524C8FF26126FA2008B2EE1 /* Assets.xcassets in Resources */ = {isa = PBXBuildFile; fileRef = C524C8FE26126FA2008B2EE1 /* Assets.xcassets */; };
		C524C90226126FA2008B2EE1 /* LaunchScreen.storyboard in Resources */ = {isa = PBXBuildFile; fileRef = C524C90026126FA2008B2EE1 /* LaunchScreen.storyboard */; };
		C524C91126127159008B2EE1 /* GoogleService-Info.plist in Resources */ = {isa = PBXBuildFile; fileRef = C524C91026127159008B2EE1 /* GoogleService-Info.plist */; };
/* End PBXBuildFile section */

/* Begin PBXFileReference section */
		8357420C75F87FB409415BA7 /* Pods-AgroStack.debug.xcconfig */ = {isa = PBXFileReference; includeInIndex = 1; lastKnownFileType = text.xcconfig; name = "Pods-AgroStack.debug.xcconfig"; path = "Target Support Files/Pods-AgroStack/Pods-AgroStack.debug.xcconfig"; sourceTree = "<group>"; };
		C524C8F226126FA0008B2EE1 /* AgroStack.app */ = {isa = PBXFileReference; explicitFileType = wrapper.application; includeInIndex = 0; path = AgroStack.app; sourceTree = BUILT_PRODUCTS_DIR; };
		C524C8F526126FA0008B2EE1 /* AppDelegate.swift */ = {isa = PBXFileReference; lastKnownFileType = sourcecode.swift; path = AppDelegate.swift; sourceTree = "<group>"; };
		C524C8F726126FA0008B2EE1 /* SceneDelegate.swift */ = {isa = PBXFileReference; lastKnownFileType = sourcecode.swift; path = SceneDelegate.swift; sourceTree = "<group>"; };
		C524C8F926126FA0008B2EE1 /* ViewController.swift */ = {isa = PBXFileReference; lastKnownFileType = sourcecode.swift; path = ViewController.swift; sourceTree = "<group>"; };
		C524C8FC26126FA0008B2EE1 /* Base */ = {isa = PBXFileReference; lastKnownFileType = file.storyboard; name = Base; path = Base.lproj/Main.storyboard; sourceTree = "<group>"; };
		C524C8FE26126FA2008B2EE1 /* Assets.xcassets */ = {isa = PBXFileReference; lastKnownFileType = folder.assetcatalog; path = Assets.xcassets; sourceTree = "<group>"; };
		C524C90126126FA2008B2EE1 /* Base */ = {isa = PBXFileReference; lastKnownFileType = file.storyboard; name = Base; path = Base.lproj/LaunchScreen.storyboard; sourceTree = "<group>"; };
		C524C90326126FA2008B2EE1 /* Info.plist */ = {isa = PBXFileReference; lastKnownFileType = text.plist.xml; path = Info.plist; sourceTree = "<group>"; };
		C524C91026127159008B2EE1 /* GoogleService-Info.plist */ = {isa = PBXFileReference; fileEncoding = 4; lastKnownFileType = text.plist.xml; path = "GoogleService-Info.plist"; sourceTree = "<group>"; };
		D69A53364185B529CF4E4669 /* Pods-AgroStack.release.xcconfig */ = {isa = PBXFileReference; includeInIndex = 1; lastKnownFileType = text.xcconfig; name = "Pods-AgroStack.release.xcconfig"; path = "Target Support Files/Pods-AgroStack/Pods-AgroStack.release.xcconfig"; sourceTree = "<group>"; };
/* End PBXFileReference section */

/* Begin PBXFrameworksBuildPhase section */
		C524C8EF26126FA0008B2EE1 /* Frameworks */ = {
			isa = PBXFrameworksBuildPhase;
			buildActionMask = 2147483647;
			files = (
			);
			runOnlyForDeploymentPostprocessing = 0;
		};
/* End PBXFrameworksBuildPhase section */

/* Begin PBXGroup section */
		C524C8E926126FA0008B2EE1 = {
			isa = PBXGroup;
			children = (
				C524C8F426126FA0008B2EE1 /* AgroStack */,
				C524C8F326126FA0008B2EE1 /* Products */,
				F5A1F390E115B9B6EA0645C1 /* Pods */,
				D11AB0D682189B066CD9628A /* Frameworks */,
			);
			sourceTree = "<group>";
		};
		C524C8F326126FA0008B2EE1 /* Products */ = {
			isa = PBXGroup;
			children = (
				C524C8F226126FA0008B2EE1 /* AgroStack.app */,
			);
			name = Products;
			sourceTree = "<group>";
		};
		C524C8F426126FA0008B2EE1 /* AgroStack */ = {
			isa = PBXGroup;
			children = (
				C524C8F926126FA0008B2EE1 /* ViewController.swift */,
				C524C91026127159008B2EE1 /* GoogleService-Info.plist */,
				C524C90C2612700A008B2EE1 /* AppDelegate */,
				C524C90A26126FB3008B2EE1 /* Supporting Files */,
			);
			path = AgroStack;
			sourceTree = "<group>";
		};
		C524C90A26126FB3008B2EE1 /* Supporting Files */ = {
			isa = PBXGroup;
			children = (
				C524C8FB26126FA0008B2EE1 /* Main.storyboard */,
				C524C8FE26126FA2008B2EE1 /* Assets.xcassets */,
				C524C90026126FA2008B2EE1 /* LaunchScreen.storyboard */,
				C524C90326126FA2008B2EE1 /* Info.plist */,
			);
			path = "Supporting Files";
			sourceTree = "<group>";
		};
		C524C90C2612700A008B2EE1 /* AppDelegate */ = {
			isa = PBXGroup;
			children = (
				C524C8F526126FA0008B2EE1 /* AppDelegate.swift */,
				C524C8F726126FA0008B2EE1 /* SceneDelegate.swift */,
			);
			path = AppDelegate;
			sourceTree = "<group>";
		};
		D11AB0D682189B066CD9628A /* Frameworks */ = {
			isa = PBXGroup;
			children = (
			);
			name = Frameworks;
			sourceTree = "<group>";
		};
		F5A1F390E115B9B6EA0645C1 /* Pods */ = {
			isa = PBXGroup;
			children = (
				8357420C75F87FB409415BA7 /* Pods-AgroStack.debug.xcconfig */,
				D69A53364185B529CF4E4669 /* Pods-AgroStack.release.xcconfig */,
			);
			path = Pods;
			sourceTree = "<group>";
		};
/* End PBXGroup section */

/* Begin PBXNativeTarget section */
		C524C8F126126FA0008B2EE1 /* AgroStack */ = {
			isa = PBXNativeTarget;
			buildConfigurationList = C524C90626126FA2008B2EE1 /* Build configuration list for PBXNativeTarget "AgroStack" */;
			buildPhases = (
				C158076BBCD910B294753351 /* [CP] Check Pods Manifest.lock */,
				C524C8EE26126FA0008B2EE1 /* Sources */,
				C524C8EF26126FA0008B2EE1 /* Frameworks */,
				C524C8F026126FA0008B2EE1 /* Resources */,
				0187AD884498669C3941472D /* [CP] Embed Pods Frameworks */,
			);
			buildRules = (
			);
			dependencies = (
			);
			name = AgroStack;
			productName = AgroStack;
			productReference = C524C8F226126FA0008B2EE1 /* AgroStack.app */;
			productType = "com.apple.product-type.application";
		};
/* End PBXNativeTarget section */

/* Begin PBXProject section */
		C524C8EA26126FA0008B2EE1 /* Project object */ = {
			isa = PBXProject;
			attributes = {
				LastSwiftUpdateCheck = 1240;
				LastUpgradeCheck = 1240;
				TargetAttributes = {
					C524C8F126126FA0008B2EE1 = {
						CreatedOnToolsVersion = 12.4;
					};
				};
			};
			buildConfigurationList = C524C8ED26126FA0008B2EE1 /* Build configuration list for PBXProject "AgroStack" */;
			compatibilityVersion = "Xcode 9.3";
			developmentRegion = en;
			hasScannedForEncodings = 0;
			knownRegions = (
				en,
				Base,
			);
			mainGroup = C524C8E926126FA0008B2EE1;
			productRefGroup = C524C8F326126FA0008B2EE1 /* Products */;
			projectDirPath = "";
			projectRoot = "";
			targets = (
				C524C8F126126FA0008B2EE1 /* AgroStack */,
			);
		};
/* End PBXProject section */

/* Begin PBXResourcesBuildPhase section */
		C524C8F026126FA0008B2EE1 /* Resources */ = {
			isa = PBXResourcesBuildPhase;
			buildActionMask = 2147483647;
			files = (
				C524C90226126FA2008B2EE1 /* LaunchScreen.storyboard in Resources */,
				C524C91126127159008B2EE1 /* GoogleService-Info.plist in Resources */,
				C524C8FF26126FA2008B2EE1 /* Assets.xcassets in Resources */,
				C524C8FD26126FA0008B2EE1 /* Main.storyboard in Resources */,
			);
			runOnlyForDeploymentPostprocessing = 0;
		};
/* End PBXResourcesBuildPhase section */

/* Begin PBXShellScriptBuildPhase section */
		0187AD884498669C3941472D /* [CP] Embed Pods Frameworks */ = {
			isa = PBXShellScriptBuildPhase;
			buildActionMask = 2147483647;
			files = (
			);
			inputFileListPaths = (
				"${PODS_ROOT}/Target Support Files/Pods-AgroStack/Pods-AgroStack-frameworks-${CONFIGURATION}-input-files.xcfilelist",
			);
			name = "[CP] Embed Pods Frameworks";
			outputFileListPaths = (
				"${PODS_ROOT}/Target Support Files/Pods-AgroStack/Pods-AgroStack-frameworks-${CONFIGURATION}-output-files.xcfilelist",
			);
			runOnlyForDeploymentPostprocessing = 0;
			shellPath = /bin/sh;
			shellScript = "\"${PODS_ROOT}/Target Support Files/Pods-AgroStack/Pods-AgroStack-frameworks.sh\"\n";
			showEnvVarsInLog = 0;
		};
		C158076BBCD910B294753351 /* [CP] Check Pods Manifest.lock */ = {
			isa = PBXShellScriptBuildPhase;
			buildActionMask = 2147483647;
			files = (
			);
			inputFileListPaths = (
			);
			inputPaths = (
				"${PODS_PODFILE_DIR_PATH}/Podfile.lock",
				"${PODS_ROOT}/Manifest.lock",
			);
			name = "[CP] Check Pods Manifest.lock";
			outputFileListPaths = (
			);
			outputPaths = (
				"$(DERIVED_FILE_DIR)/Pods-AgroStack-checkManifestLockResult.txt",
			);
			runOnlyForDeploymentPostprocessing = 0;
			shellPath = /bin/sh;
			shellScript = "diff \"${PODS_PODFILE_DIR_PATH}/Podfile.lock\" \"${PODS_ROOT}/Manifest.lock\" > /dev/null\nif [ $? != 0 ] ; then\n    # print error to STDERR\n    echo \"error: The sandbox is not in sync with the Podfile.lock. Run 'pod install' or update your CocoaPods installation.\" >&2\n    exit 1\nfi\n# This output is used by Xcode 'outputs' to avoid re-running this script phase.\necho \"SUCCESS\" > \"${SCRIPT_OUTPUT_FILE_0}\"\n";
			showEnvVarsInLog = 0;
		};
/* End PBXShellScriptBuildPhase section */

/* Begin PBXSourcesBuildPhase section */
		C524C8EE26126FA0008B2EE1 /* Sources */ = {
			isa = PBXSourcesBuildPhase;
			buildActionMask = 2147483647;
			files = (
				C524C8FA26126FA0008B2EE1 /* ViewController.swift in Sources */,
				C524C8F626126FA0008B2EE1 /* AppDelegate.swift in Sources */,
				C524C8F826126FA0008B2EE1 /* SceneDelegate.swift in Sources */,
			);
			runOnlyForDeploymentPostprocessing = 0;
		};
/* End PBXSourcesBuildPhase section */

/* Begin PBXVariantGroup section */
		C524C8FB26126FA0008B2EE1 /* Main.storyboard */ = {
			isa = PBXVariantGroup;
			children = (
				C524C8FC26126FA0008B2EE1 /* Base */,
			);
			name = Main.storyboard;
			sourceTree = "<group>";
		};
		C524C90026126FA2008B2EE1 /* LaunchScreen.storyboard */ = {
			isa = PBXVariantGroup;
			children = (
				C524C90126126FA2008B2EE1 /* Base */,
			);
			name = LaunchScreen.storyboard;
			sourceTree = "<group>";
		};
/* End PBXVariantGroup section */

/* Begin XCBuildConfiguration section */
		C524C90426126FA2008B2EE1 /* Debug */ = {
			isa = XCBuildConfiguration;
			buildSettings = {
				ALWAYS_SEARCH_USER_PATHS = NO;
				CLANG_ANALYZER_NONNULL = YES;
				CLANG_ANALYZER_NUMBER_OBJECT_CONVERSION = YES_AGGRESSIVE;
				CLANG_CXX_LANGUAGE_STANDARD = "gnu++14";
				CLANG_CXX_LIBRARY = "libc++";
				CLANG_ENABLE_MODULES = YES;
				CLANG_ENABLE_OBJC_ARC = YES;
				CLANG_ENABLE_OBJC_WEAK = YES;
				CLANG_WARN_BLOCK_CAPTURE_AUTORELEASING = YES;
				CLANG_WARN_BOOL_CONVERSION = YES;
				CLANG_WARN_COMMA = YES;
				CLANG_WARN_CONSTANT_CONVERSION = YES;
				CLANG_WARN_DEPRECATED_OBJC_IMPLEMENTATIONS = YES;
				CLANG_WARN_DIRECT_OBJC_ISA_USAGE = YES_ERROR;
				CLANG_WARN_DOCUMENTATION_COMMENTS = YES;
				CLANG_WARN_EMPTY_BODY = YES;
				CLANG_WARN_ENUM_CONVERSION = YES;
				CLANG_WARN_INFINITE_RECURSION = YES;
				CLANG_WARN_INT_CONVERSION = YES;
				CLANG_WARN_NON_LITERAL_NULL_CONVERSION = YES;
				CLANG_WARN_OBJC_IMPLICIT_RETAIN_SELF = YES;
				CLANG_WARN_OBJC_LITERAL_CONVERSION = YES;
				CLANG_WARN_OBJC_ROOT_CLASS = YES_ERROR;
				CLANG_WARN_QUOTED_INCLUDE_IN_FRAMEWORK_HEADER = YES;
				CLANG_WARN_RANGE_LOOP_ANALYSIS = YES;
				CLANG_WARN_STRICT_PROTOTYPES = YES;
				CLANG_WARN_SUSPICIOUS_MOVE = YES;
				CLANG_WARN_UNGUARDED_AVAILABILITY = YES_AGGRESSIVE;
				CLANG_WARN_UNREACHABLE_CODE = YES;
				CLANG_WARN__DUPLICATE_METHOD_MATCH = YES;
				COPY_PHASE_STRIP = NO;
				DEBUG_INFORMATION_FORMAT = dwarf;
				ENABLE_STRICT_OBJC_MSGSEND = YES;
				ENABLE_TESTABILITY = YES;
				GCC_C_LANGUAGE_STANDARD = gnu11;
				GCC_DYNAMIC_NO_PIC = NO;
				GCC_NO_COMMON_BLOCKS = YES;
				GCC_OPTIMIZATION_LEVEL = 0;
				GCC_PREPROCESSOR_DEFINITIONS = (
					"DEBUG=1",
					"$(inherited)",
				);
				GCC_WARN_64_TO_32_BIT_CONVERSION = YES;
				GCC_WARN_ABOUT_RETURN_TYPE = YES_ERROR;
				GCC_WARN_UNDECLARED_SELECTOR = YES;
				GCC_WARN_UNINITIALIZED_AUTOS = YES_AGGRESSIVE;
				GCC_WARN_UNUSED_FUNCTION = YES;
				GCC_WARN_UNUSED_VARIABLE = YES;
				IPHONEOS_DEPLOYMENT_TARGET = 14.4;
				MTL_ENABLE_DEBUG_INFO = INCLUDE_SOURCE;
				MTL_FAST_MATH = YES;
				ONLY_ACTIVE_ARCH = YES;
				SDKROOT = iphoneos;
				SWIFT_ACTIVE_COMPILATION_CONDITIONS = DEBUG;
				SWIFT_OPTIMIZATION_LEVEL = "-Onone";
			};
			name = Debug;
		};
		C524C90526126FA2008B2EE1 /* Release */ = {
			isa = XCBuildConfiguration;
			buildSettings = {
				ALWAYS_SEARCH_USER_PATHS = NO;
				CLANG_ANALYZER_NONNULL = YES;
				CLANG_ANALYZER_NUMBER_OBJECT_CONVERSION = YES_AGGRESSIVE;
				CLANG_CXX_LANGUAGE_STANDARD = "gnu++14";
				CLANG_CXX_LIBRARY = "libc++";
				CLANG_ENABLE_MODULES = YES;
				CLANG_ENABLE_OBJC_ARC = YES;
				CLANG_ENABLE_OBJC_WEAK = YES;
				CLANG_WARN_BLOCK_CAPTURE_AUTORELEASING = YES;
				CLANG_WARN_BOOL_CONVERSION = YES;
				CLANG_WARN_COMMA = YES;
				CLANG_WARN_CONSTANT_CONVERSION = YES;
				CLANG_WARN_DEPRECATED_OBJC_IMPLEMENTATIONS = YES;
				CLANG_WARN_DIRECT_OBJC_ISA_USAGE = YES_ERROR;
				CLANG_WARN_DOCUMENTATION_COMMENTS = YES;
				CLANG_WARN_EMPTY_BODY = YES;
				CLANG_WARN_ENUM_CONVERSION = YES;
				CLANG_WARN_INFINITE_RECURSION = YES;
				CLANG_WARN_INT_CONVERSION = YES;
				CLANG_WARN_NON_LITERAL_NULL_CONVERSION = YES;
				CLANG_WARN_OBJC_IMPLICIT_RETAIN_SELF = YES;
				CLANG_WARN_OBJC_LITERAL_CONVERSION = YES;
				CLANG_WARN_OBJC_ROOT_CLASS = YES_ERROR;
				CLANG_WARN_QUOTED_INCLUDE_IN_FRAMEWORK_HEADER = YES;
				CLANG_WARN_RANGE_LOOP_ANALYSIS = YES;
				CLANG_WARN_STRICT_PROTOTYPES = YES;
				CLANG_WARN_SUSPICIOUS_MOVE = YES;
				CLANG_WARN_UNGUARDED_AVAILABILITY = YES_AGGRESSIVE;
				CLANG_WARN_UNREACHABLE_CODE = YES;
				CLANG_WARN__DUPLICATE_METHOD_MATCH = YES;
				COPY_PHASE_STRIP = NO;
				DEBUG_INFORMATION_FORMAT = "dwarf-with-dsym";
				ENABLE_NS_ASSERTIONS = NO;
				ENABLE_STRICT_OBJC_MSGSEND = YES;
				GCC_C_LANGUAGE_STANDARD = gnu11;
				GCC_NO_COMMON_BLOCKS = YES;
				GCC_WARN_64_TO_32_BIT_CONVERSION = YES;
				GCC_WARN_ABOUT_RETURN_TYPE = YES_ERROR;
				GCC_WARN_UNDECLARED_SELECTOR = YES;
				GCC_WARN_UNINITIALIZED_AUTOS = YES_AGGRESSIVE;
				GCC_WARN_UNUSED_FUNCTION = YES;
				GCC_WARN_UNUSED_VARIABLE = YES;
				IPHONEOS_DEPLOYMENT_TARGET = 14.4;
				MTL_ENABLE_DEBUG_INFO = NO;
				MTL_FAST_MATH = YES;
				SDKROOT = iphoneos;
				SWIFT_COMPILATION_MODE = wholemodule;
				SWIFT_OPTIMIZATION_LEVEL = "-O";
				VALIDATE_PRODUCT = YES;
			};
			name = Release;
		};
		C524C90726126FA2008B2EE1 /* Debug */ = {
			isa = XCBuildConfiguration;
			baseConfigurationReference = 8357420C75F87FB409415BA7 /* Pods-AgroStack.debug.xcconfig */;
			buildSettings = {
				ASSETCATALOG_COMPILER_APPICON_NAME = AppIcon;
				ASSETCATALOG_COMPILER_GLOBAL_ACCENT_COLOR_NAME = AccentColor;
				CODE_SIGN_STYLE = Automatic;
				INFOPLIST_FILE = "AgroStack/Supporting Files/Info.plist";
				LD_RUNPATH_SEARCH_PATHS = (
					"$(inherited)",
					"@executable_path/Frameworks",
				);
				PRODUCT_BUNDLE_IDENTIFIER = ara.apoyan.AgroStack;
				PRODUCT_NAME = "$(TARGET_NAME)";
				SWIFT_VERSION = 5.0;
				TARGETED_DEVICE_FAMILY = "1,2";
			};
			name = Debug;
		};
		C524C90826126FA2008B2EE1 /* Release */ = {
			isa = XCBuildConfiguration;
			baseConfigurationReference = D69A53364185B529CF4E4669 /* Pods-AgroStack.release.xcconfig */;
			buildSettings = {
				ASSETCATALOG_COMPILER_APPICON_NAME = AppIcon;
				ASSETCATALOG_COMPILER_GLOBAL_ACCENT_COLOR_NAME = AccentColor;
				CODE_SIGN_STYLE = Automatic;
				INFOPLIST_FILE = "AgroStack/Supporting Files/Info.plist";
				LD_RUNPATH_SEARCH_PATHS = (
					"$(inherited)",
					"@executable_path/Frameworks",
				);
				PRODUCT_BUNDLE_IDENTIFIER = ara.apoyan.AgroStack;
				PRODUCT_NAME = "$(TARGET_NAME)";
				SWIFT_VERSION = 5.0;
				TARGETED_DEVICE_FAMILY = "1,2";
			};
			name = Release;
		};
/* End XCBuildConfiguration section */

/* Begin XCConfigurationList section */
		C524C8ED26126FA0008B2EE1 /* Build configuration list for PBXProject "AgroStack" */ = {
			isa = XCConfigurationList;
			buildConfigurations = (
				C524C90426126FA2008B2EE1 /* Debug */,
				C524C90526126FA2008B2EE1 /* Release */,
			);
			defaultConfigurationIsVisible = 0;
			defaultConfigurationName = Release;
		};
		C524C90626126FA2008B2EE1 /* Build configuration list for PBXNativeTarget "AgroStack" */ = {
			isa = XCConfigurationList;
			buildConfigurations = (
				C524C90726126FA2008B2EE1 /* Debug */,
				C524C90826126FA2008B2EE1 /* Release */,
			);
			defaultConfigurationIsVisible = 0;
			defaultConfigurationName = Release;
		};
/* End XCConfigurationList section */
	};
	rootObject = C524C8EA26126FA0008B2EE1 /* Project object */;
}
